
Microsoft Visual Studio Solution File, Format Version 12.00
Project("{FAE04EC0-301F-11D3-BF4B-00C04F79EFBC}") = "FireBook", "FireBook.csproj", "{EDF67AC1-9430-4578-B9CF-3F7A3A1971F7}"
EndProject
Global
	GlobalSection(SolutionConfigurationPlatforms) = preSolution
		Debug|Any CPU = Debug|Any CPU
		Release|Any CPU = Release|Any CPU
	EndGlobalSection
	GlobalSection(ProjectConfigurationPlatforms) = postSolution
		{EDF67AC1-9430-4578-B9CF-3F7A3A1971F7}.Debug|Any CPU.ActiveCfg = Debug|Any CPU
		{EDF67AC1-9430-4578-B9CF-3F7A3A1971F7}.Debug|Any CPU.Build.0 = Debug|Any CPU
		{EDF67AC1-9430-4578-B9CF-3F7A3A1971F7}.Release|Any CPU.ActiveCfg = Release|Any CPU
		{EDF67AC1-9430-4578-B9CF-3F7A3A1971F7}.Release|Any CPU.Build.0 = Release|Any CPU
	EndGlobalSection
EndGlobal
